Microsoft Visual Studio Solution File, Format Version 12.00
# Visual Studio Version 16
VisualStudioVersion = 16.0.0.0
MinimumVisualStudioVersion = 16.0.0.0
Project("{9A19103F-16F7-4668-BE54-9A1E7A4F7556}") = "BlazorTest.Server", "Server\BlazorTest.Server.csproj", "{11D06257-4F3F-4114-928A-8E519D28511C}"
EndProject
Project("{9A19103F-16F7-4668-BE54-9A1E7A4F7556}") = "BlazorTest.Client", "Client\BlazorTest.Client.csproj", "{35EC1A96-F51C-403F-89E5-5C72B6A784DB}"
EndProject
Project("{9A19103F-16F7-4668-BE54-9A1E7A4F7556}") = "BlazorTest.Shared", "Shared\BlazorTest.Shared.csproj", "{62459620-B256-41D0-A536-FABE4A827523}"
EndProject
Global
	GlobalSection(SolutionConfigurationPlatforms) = preSolution
		Debug|Any CPU = Debug|Any CPU
		Debug|x64 = Debug|x64
		Debug|x86 = Debug|x86
		Release|Any CPU = Release|Any CPU
		Release|x64 = Release|x64
		Release|x86 = Release|x86
	EndGlobalSection
	GlobalSection(ProjectConfigurationPlatforms) = postSolution
		{35EC1A96-F51C-403F-89E5-5C72B6A784DB}.Debug|Any CPU.ActiveCfg = Debug|Any CPU
		{35EC1A96-F51C-403F-89E5-5C72B6A784DB}.Debug|Any CPU.Build.0 = Debug|Any CPU
		{35EC1A96-F51C-403F-89E5-5C72B6A784DB}.Debug|x64.ActiveCfg = Debug|Any CPU
		{35EC1A96-F51C-403F-89E5-5C72B6A784DB}.Debug|x64.Build.0 = Debug|Any CPU
		{35EC1A96-F51C-403F-89E5-5C72B6A784DB}.Debug|x86.ActiveCfg = Debug|Any CPU
		{35EC1A96-F51C-403F-89E5-5C72B6A784DB}.Debug|x86.Build.0 = Debug|Any CPU
		{35EC1A96-F51C-403F-89E5-5C72B6A784DB}.Release|Any CPU.ActiveCfg = Release|Any CPU
		{35EC1A96-F51C-403F-89E5-5C72B6A784DB}.Release|Any CPU.Build.0 = Release|Any CPU
		{35EC1A96-F51C-403F-89E5-5C72B6A784DB}.Release|x64.ActiveCfg = Release|Any CPU
		{35EC1A96-F51C-403F-89E5-5C72B6A784DB}.Release|x64.Build.0 = Release|Any CPU
		{35EC1A96-F51C-403F-89E5-5C72B6A784DB}.Release|x86.ActiveCfg = Release|Any CPU
		{35EC1A96-F51C-403F-89E5-5C72B6A784DB}.Release|x86.Build.0 = Release|Any CPU
		{11D06257-4F3F-4114-928A-8E519D28511C}.Debug|Any CPU.ActiveCfg = Debug|Any CPU
		{11D06257-4F3F-4114-928A-8E519D28511C}.Debug|Any CPU.Build.0 = Debug|Any CPU
		{11D06257-4F3F-4114-928A-8E519D28511C}.Debug|x64.ActiveCfg = Debug|Any CPU
		{11D06257-4F3F-4114-928A-8E519D28511C}.Debug|x64.Build.0 = Debug|Any CPU
		{11D06257-4F3F-4114-928A-8E519D28511C}.Debug|x86.ActiveCfg = Debug|Any CPU
		{11D06257-4F3F-4114-928A-8E519D28511C}.Debug|x86.Build.0 = Debug|Any CPU
		{11D06257-4F3F-4114-928A-8E519D28511C}.Release|Any CPU.ActiveCfg = Release|Any CPU
		{11D06257-4F3F-4114-928A-8E519D28511C}.Release|Any CPU.Build.0 = Release|Any CPU
		{11D06257-4F3F-4114-928A-8E519D28511C}.Release|x64.ActiveCfg = Release|Any CPU
		{11D06257-4F3F-4114-928A-8E519D28511C}.Release|x64.Build.0 = Release|Any CPU
		{11D06257-4F3F-4114-928A-8E519D28511C}.Release|x86.ActiveCfg = Release|Any CPU
		{11D06257-4F3F-4114-928A-8E519D28511C}.Release|x86.Build.0 = Release|Any CPU
		{62459620-B256-41D0-A536-FABE4A827523}.Debug|Any CPU.ActiveCfg = Debug|Any CPU
		{62459620-B256-41D0-A536-FABE4A827523}.Debug|Any CPU.Build.0 = Debug|Any CPU
		{62459620-B256-41D0-A536-FABE4A827523}.Debug|x64.ActiveCfg = Debug|Any CPU
		{62459620-B256-41D0-A536-FABE4A827523}.Debug|x64.Build.0 = Debug|Any CPU
		{62459620-B256-41D0-A536-FABE4A827523}.Debug|x86.ActiveCfg = Debug|Any CPU
		{62459620-B256-41D0-A536-FABE4A827523}.Debug|x86.Build.0 = Debug|Any CPU
		{62459620-B256-41D0-A536-FABE4A827523}.Release|Any CPU.ActiveCfg = Release|Any CPU
		{62459620-B256-41D0-A536-FABE4A827523}.Release|Any CPU.Build.0 = Release|Any CPU
		{62459620-B256-41D0-A536-FABE4A827523}.Release|x64.ActiveCfg = Release|Any CPU
		{62459620-B256-41D0-A536-FABE4A827523}.Release|x64.Build.0 = Release|Any CPU
		{62459620-B256-41D0-A536-FABE4A827523}.Release|x86.ActiveCfg = Release|Any CPU
		{62459620-B256-41D0-A536-FABE4A827523}.Release|x86.Build.0 = Release|Any CPU
	EndGlobalSection
	GlobalSection(SolutionProperties) = preSolution
		HideSolutionNode = FALSE
	EndGlobalSection
	GlobalSection(ExtensibilityGlobals) = postSolution
		SolutionGuid = {A338E831-A5D9-4BE9-8996-50A520125EAF}
	EndGlobalSection
EndGlobal